<?xml version="1.0" encoding="utf-8"?>
<Project ToolsVersion="4.0" xmlns="http://schemas.microsoft.com/developer/msbuild/2003">
  <ItemGroup>
    <Filter Include="源文件">
      <UniqueIdentifier>{4FC737F1-C7A5-4376-A066-2A32D752A2FF}</UniqueIdentifier>
      <Extensions>cpp;c;cc;cxx;def;odl;idl;hpj;bat;asm;asmx</Extensions>
    </Filter>
    <Filter Include="头文件">
      <UniqueIdentifier>{93995380-89BD-4b04-88EB-625FBE52EBFB}</UniqueIdentifier>
      <Extensions>h;hh;hpp;hxx;hm;inl;inc;xsd</Extensions>
    </Filter>
    <Filter Include="资源文件">
      <UniqueIdentifier>{67DA6AB6-F800-4c08-8B7A-83BB121AAD01}</UniqueIdentifier>
      <Extensions>rc;ico;cur;bmp;dlg;rc2;rct;bin;rgs;gif;jpg;jpeg;jpe;resx;tiff;tif;png;wav;mfcribbon-ms</Extensions>
    </Filter>
    <Filter Include="源文件\libKVXT">
      <UniqueIdentifier>{cc7b32ae-3adb-40c3-a81d-418b5450fcc6}</UniqueIdentifier>
    </Filter>
    <Filter Include="源文件\livKVXPKU">
      <UniqueIdentifier>{c4d55f16-a711-47af-8f87-bd9f2f390c5c}</UniqueIdentifier>
    </Filter>
    <Filter Include="源文件\libKVXTxMC">
      <UniqueIdentifier>{bd355054-dff2-4ed4-bfc7-368968f0d303}</UniqueIdentifier>
    </Filter>
  </ItemGroup>
  <ItemGroup>
    <ClCompile Include="libKVXT\KVXT.c">
      <Filter>源文件\libKVXT</Filter>
    </ClCompile>
    <ClCompile Include="libKVXT\KVXT_extern.c">
      <Filter>源文件\libKVXT</Filter>
    </ClCompile>
    <ClCompile Include="libKVXPKU\KVXPKU.c">
      <Filter>源文件\livKVXPKU</Filter>
    </ClCompile>
    <ClCompile Include="libKVXPKU\KVXPKU_extern.c">
      <Filter>源文件\livKVXPKU</Filter>
    </ClCompile>
    <ClCompile Include="libKVXTxMC\KVXTxMC_extern.c">
      <Filter>源文件\libKVXTxMC</Filter>
    </ClCompile>
    <ClCompile Include="libKVXTxMC\KVXTxMC.c">
      <Filter>源文件\libKVXTxMC</Filter>
    </ClCompile>
  </ItemGroup>
  <ItemGroup>
    <ClInclude Include="libKVXT\KVXT.h">
      <Filter>源文件\libKVXT</Filter>
    </ClInclude>
    <ClInclude Include="libKVXT\KVXT_extern.h">
      <Filter>源文件\libKVXT</Filter>
    </ClInclude>
    <ClInclude Include="libKVXPKU\KVXPKU.h">
      <Filter>源文件\livKVXPKU</Filter>
    </ClInclude>
    <ClInclude Include="libKVXPKU\KVXPKU_extern.h">
      <Filter>源文件\livKVXPKU</Filter>
    </ClInclude>
    <ClInclude Include="libKVXTxMC\KVXTxMC_extern.h">
      <Filter>源文件\libKVXTxMC</Filter>
    </ClInclude>
    <ClInclude Include="libKVXTxMC\KVXTxMC.h">
      <Filter>源文件\libKVXTxMC</Filter>
    </ClInclude>
  </ItemGroup>
</Project>